
Microsoft Visual Studio Solution File, Format Version 12.00
# Visual Studio Version 17
VisualStudioVersion = 17.5.002.0
MinimumVisualStudioVersion = 10.0.40219.1
Project("{9A19103F-16F7-4668-BE54-9A1E7A4F7556}") = "Inventario", "Inventario.csproj", "{FE5BA374-5F67-4FA2-9984-77E85915956A}"
EndProject
Global
	GlobalSection(SolutionConfigurationPlatforms) = preSolution
		Debug|Any CPU = Debug|Any CPU
		Release|Any CPU = Release|Any CPU
	EndGlobalSection
	GlobalSection(ProjectConfigurationPlatforms) = postSolution
		{FE5BA374-5F67-4FA2-9984-77E85915956A}.Debug|Any CPU.ActiveCfg = Debug|Any CPU
		{FE5BA374-5F67-4FA2-9984-77E85915956A}.Debug|Any CPU.Build.0 = Debug|Any CPU
		{FE5BA374-5F67-4FA2-9984-77E85915956A}.Release|Any CPU.ActiveCfg = Release|Any CPU
		{FE5BA374-5F67-4FA2-9984-77E85915956A}.Release|Any CPU.Build.0 = Release|Any CPU
	EndGlobalSection
	GlobalSection(SolutionProperties) = preSolution
		HideSolutionNode = FALSE
	EndGlobalSection
	GlobalSection(ExtensibilityGlobals) = postSolution
		SolutionGuid = {CDDE9913-B25B-4551-ACFD-F4085DE5CF3A}
	EndGlobalSection
EndGlobal
